// !$*UTF8*$!
{
	archiveVersion = 1;
	classes = {
	};
	objectVersion = 50;
	objects = {

/* Begin PBXBuildFile section */
		38A03B6C2120913900EE17FF /* AppDelegate.m in Sources */ = {isa = PBXBuildFile; fileRef = 38A03B6B2120913900EE17FF /* AppDelegate.m */; };
		38A03B6F2120913900EE17FF /* GameViewController.m in Sources */ = {isa = PBXBuildFile; fileRef = 38A03B6E2120913900EE17FF /* GameViewController.m */; };
		38A03B722120913900EE17FF /* Main.storyboard in Resources */ = {isa = PBXBuildFile; fileRef = 38A03B702120913900EE17FF /* Main.storyboard */; };
		38A03B752120913900EE17FF /* LaunchScreen.storyboard in Resources */ = {isa = PBXBuildFile; fileRef = 38A03B732120913900EE17FF /* LaunchScreen.storyboard */; };
		38A03B782120913900EE17FF /* main.m in Sources */ = {isa = PBXBuildFile; fileRef = 38A03B772120913900EE17FF /* main.m */; };
		38A03B812120913900EE17FF /* AppDelegate.m in Sources */ = {isa = PBXBuildFile; fileRef = 38A03B802120913900EE17FF /* AppDelegate.m */; };
		38A03B842120913900EE17FF /* GameViewController.m in Sources */ = {isa = PBXBuildFile; fileRef = 38A03B832120913900EE17FF /* GameViewController.m */; };
		38A03B872120913900EE17FF /* Main.storyboard in Resources */ = {isa = PBXBuildFile; fileRef = 38A03B852120913900EE17FF /* Main.storyboard */; };
		38A03B8A2120913900EE17FF /* main.m in Sources */ = {isa = PBXBuildFile; fileRef = 38A03B892120913900EE17FF /* main.m */; };
		38A03B8B2120913900EE17FF /* Actions.sks in Resources */ = {isa = PBXBuildFile; fileRef = 38A03B5E2120913900EE17FF /* Actions.sks */; };
		38A03B8C2120913900EE17FF /* Actions.sks in Resources */ = {isa = PBXBuildFile; fileRef = 38A03B5E2120913900EE17FF /* Actions.sks */; };
		38A03B8D2120913900EE17FF /* GameScene.sks in Resources */ = {isa = PBXBuildFile; fileRef = 38A03B5F2120913900EE17FF /* GameScene.sks */; };
		38A03B8E2120913900EE17FF /* GameScene.sks in Resources */ = {isa = PBXBuildFile; fileRef = 38A03B5F2120913900EE17FF /* GameScene.sks */; };
		38A03B8F2120913900EE17FF /* GameScene.m in Sources */ = {isa = PBXBuildFile; fileRef = 38A03B612120913900EE17FF /* GameScene.m */; };
		38A03B902120913900EE17FF /* GameScene.m in Sources */ = {isa = PBXBuildFile; fileRef = 38A03B612120913900EE17FF /* GameScene.m */; };
		38A03B912120913900EE17FF /* Assets.xcassets in Resources */ = {isa = PBXBuildFile; fileRef = 38A03B622120913900EE17FF /* Assets.xcassets */; };
		38A03B922120913900EE17FF /* Assets.xcassets in Resources */ = {isa = PBXBuildFile; fileRef = 38A03B622120913900EE17FF /* Assets.xcassets */; };
		38A03BA2212092C600EE17FF /* Alpha01Tests.m in Sources */ = {isa = PBXBuildFile; fileRef = 38A03BA1212092C600EE17FF /* Alpha01Tests.m */; };
		38A03BB02120932C00EE17FF /* IOSAlpha01Tests.m in Sources */ = {isa = PBXBuildFile; fileRef = 38A03BAF2120932C00EE17FF /* IOSAlpha01Tests.m */; };
/* End PBXBuildFile section */

/* Begin PBXContainerItemProxy section */
		38A03BA4212092C600EE17FF /* PBXContainerItemProxy */ = {
			isa = PBXContainerItemProxy;
			containerPortal = 38A03B592120913800EE17FF /* Project object */;
			proxyType = 1;
			remoteGlobalIDString = 38A03B7C2120913900EE17FF;
			remoteInfo = "Alpha01 macOS";
		};
		38A03BB22120932C00EE17FF /* PBXContainerItemProxy */ = {
			isa = PBXContainerItemProxy;
			containerPortal = 38A03B592120913800EE17FF /* Project object */;
			proxyType = 1;
			remoteGlobalIDString = 38A03B662120913900EE17FF;
			remoteInfo = "Alpha01 iOS";
		};
/* End PBXContainerItemProxy section */

/* Begin PBXFileReference section */
		38A03B5E2120913900EE17FF /* Actions.sks */ = {isa = PBXFileReference; lastKnownFileType = file.sks; path = Actions.sks; sourceTree = "<group>"; };
		38A03B5F2120913900EE17FF /* GameScene.sks */ = {isa = PBXFileReference; lastKnownFileType = file.sks; path = GameScene.sks; sourceTree = "<group>"; };
		38A03B602120913900EE17FF /* GameScene.h */ = {isa = PBXFileReference; lastKnownFileType = sourcecode.c.h; path = GameScene.h; sourceTree = "<group>"; };
		38A03B612120913900EE17FF /* GameScene.m */ = {isa = PBXFileReference; lastKnownFileType = sourcecode.c.objc; path = GameScene.m; sourceTree = "<group>"; };
		38A03B622120913900EE17FF /* Assets.xcassets */ = {isa = PBXFileReference; lastKnownFileType = folder.assetcatalog; path = Assets.xcassets; sourceTree = "<group>"; };
		38A03B672120913900EE17FF /* Alpha01.app */ = {isa = PBXFileReference; explicitFileType = wrapper.application; includeInIndex = 0; path = Alpha01.app; sourceTree = BUILT_PRODUCTS_DIR; };
		38A03B6A2120913900EE17FF /* AppDelegate.h */ = {isa = PBXFileReference; lastKnownFileType = sourcecode.c.h; path = AppDelegate.h; sourceTree = "<group>"; };
		38A03B6B2120913900EE17FF /* AppDelegate.m */ = {isa = PBXFileReference; lastKnownFileType = sourcecode.c.objc; path = AppDelegate.m; sourceTree = "<group>"; };
		38A03B6D2120913900EE17FF /* GameViewController.h */ = {isa = PBXFileReference; lastKnownFileType = sourcecode.c.h; path = GameViewController.h; sourceTree = "<group>"; };
		38A03B6E2120913900EE17FF /* GameViewController.m */ = {isa = PBXFileReference; lastKnownFileType = sourcecode.c.objc; path = GameViewController.m; sourceTree = "<group>"; };
		38A03B712120913900EE17FF /* Base */ = {isa = PBXFileReference; lastKnownFileType = file.storyboard; name = Base; path = Base.lproj/Main.storyboard; sourceTree = "<group>"; };
		38A03B742120913900EE17FF /* Base */ = {isa = PBXFileReference; lastKnownFileType = file.storyboard; name = Base; path = Base.lproj/LaunchScreen.storyboard; sourceTree = "<group>"; };
		38A03B762120913900EE17FF /* Info.plist */ = {isa = PBXFileReference; lastKnownFileType = text.plist.xml; path = Info.plist; sourceTree = "<group>"; };
		38A03B772120913900EE17FF /* main.m */ = {isa = PBXFileReference; lastKnownFileType = sourcecode.c.objc; path = main.m; sourceTree = "<group>"; };
		38A03B7D2120913900EE17FF /* Alpha01.app */ = {isa = PBXFileReference; explicitFileType = wrapper.application; includeInIndex = 0; path = Alpha01.app; sourceTree = BUILT_PRODUCTS_DIR; };
		38A03B7F2120913900EE17FF /* AppDelegate.h */ = {isa = PBXFileReference; lastKnownFileType = sourcecode.c.h; path = AppDelegate.h; sourceTree = "<group>"; };
		38A03B802120913900EE17FF /* AppDelegate.m */ = {isa = PBXFileReference; lastKnownFileType = sourcecode.c.objc; path = AppDelegate.m; sourceTree = "<group>"; };
		38A03B822120913900EE17FF /* GameViewController.h */ = {isa = PBXFileReference; lastKnownFileType = sourcecode.c.h; path = GameViewController.h; sourceTree = "<group>"; };
		38A03B832120913900EE17FF /* GameViewController.m */ = {isa = PBXFileReference; lastKnownFileType = sourcecode.c.objc; path = GameViewController.m; sourceTree = "<group>"; };
		38A03B862120913900EE17FF /* Base */ = {isa = PBXFileReference; lastKnownFileType = file.storyboard; name = Base; path = Base.lproj/Main.storyboard; sourceTree = "<group>"; };
		38A03B882120913900EE17FF /* Info.plist */ = {isa = PBXFileReference; lastKnownFileType = text.plist.xml; path = Info.plist; sourceTree = "<group>"; };
		38A03B892120913900EE17FF /* main.m */ = {isa = PBXFileReference; lastKnownFileType = sourcecode.c.objc; path = main.m; sourceTree = "<group>"; };
		38A03B9F212092C600EE17FF /* Alpha01Tests.xctest */ = {isa = PBXFileReference; explicitFileType = wrapper.cfbundle; includeInIndex = 0; path = Alpha01Tests.xctest; sourceTree = BUILT_PRODUCTS_DIR; };
		38A03BA1212092C600EE17FF /* Alpha01Tests.m */ = {isa = PBXFileReference; lastKnownFileType = sourcecode.c.objc; path = Alpha01Tests.m; sourceTree = "<group>"; };
		38A03BA3212092C600EE17FF /* Info.plist */ = {isa = PBXFileReference; lastKnownFileType = text.plist.xml; path = Info.plist; sourceTree = "<group>"; };
		38A03BAD2120932C00EE17FF /* IOSAlpha01Tests.xctest */ = {isa = PBXFileReference; explicitFileType = wrapper.cfbundle; includeInIndex = 0; path = IOSAlpha01Tests.xctest; sourceTree = BUILT_PRODUCTS_DIR; };
		38A03BAF2120932C00EE17FF /* IOSAlpha01Tests.m */ = {isa = PBXFileReference; lastKnownFileType = sourcecode.c.objc; path = IOSAlpha01Tests.m; sourceTree = "<group>"; };
		38A03BB12120932C00EE17FF /* Info.plist */ = {isa = PBXFileReference; lastKnownFileType = text.plist.xml; path = Info.plist; sourceTree = "<group>"; };
/* End PBXFileReference section */

/* Begin PBXFrameworksBuildPhase section */
		38A03B642120913900EE17FF /* Frameworks */ = {
			isa = PBXFrameworksBuildPhase;
			buildActionMask = 2147483647;
			files = (
			);
			runOnlyForDeploymentPostprocessing = 0;
		};
		38A03B7A2120913900EE17FF /* Frameworks */ = {
			isa = PBXFrameworksBuildPhase;
			buildActionMask = 2147483647;
			files = (
			);
			runOnlyForDeploymentPostprocessing = 0;
		};
		38A03B9C212092C600EE17FF /* Frameworks */ = {
			isa = PBXFrameworksBuildPhase;
			buildActionMask = 2147483647;
			files = (
			);
			runOnlyForDeploymentPostprocessing = 0;
		};
		38A03BAA2120932C00EE17FF /* Frameworks */ = {
			isa = PBXFrameworksBuildPhase;
			buildActionMask = 2147483647;
			files = (
			);
			runOnlyForDeploymentPostprocessing = 0;
		};
/* End PBXFrameworksBuildPhase section */

/* Begin PBXGroup section */
		3834468621209685004A7840 /* KDVScene */ = {
			isa = PBXGroup;
			children = (
			);
			path = KDVScene;
			sourceTree = "<group>";
		};
		38A03B582120913800EE17FF = {
			isa = PBXGroup;
			children = (
				38A03B5D2120913800EE17FF /* Alpha01 Shared */,
				38A03B692120913900EE17FF /* Alpha01 iOS */,
				38A03B7E2120913900EE17FF /* Alpha01 macOS */,
				38A03BA0212092C600EE17FF /* Alpha01Tests */,
				38A03BAE2120932C00EE17FF /* IOSAlpha01Tests */,
				38A03B682120913900EE17FF /* Products */,
			);
			sourceTree = "<group>";
		};
		38A03B5D2120913800EE17FF /* Alpha01 Shared */ = {
			isa = PBXGroup;
			children = (
				3834468621209685004A7840 /* KDVScene */,
				38A03B5E2120913900EE17FF /* Actions.sks */,
				38A03B5F2120913900EE17FF /* GameScene.sks */,
				38A03B602120913900EE17FF /* GameScene.h */,
				38A03B612120913900EE17FF /* GameScene.m */,
				38A03B622120913900EE17FF /* Assets.xcassets */,
			);
			path = "Alpha01 Shared";
			sourceTree = "<group>";
		};
		38A03B682120913900EE17FF /* Products */ = {
			isa = PBXGroup;
			children = (
				38A03B672120913900EE17FF /* Alpha01.app */,
				38A03B7D2120913900EE17FF /* Alpha01.app */,
				38A03B9F212092C600EE17FF /* Alpha01Tests.xctest */,
				38A03BAD2120932C00EE17FF /* IOSAlpha01Tests.xctest */,
			);
			name = Products;
			sourceTree = "<group>";
		};
		38A03B692120913900EE17FF /* Alpha01 iOS */ = {
			isa = PBXGroup;
			children = (
				38A03B6A2120913900EE17FF /* AppDelegate.h */,
				38A03B6B2120913900EE17FF /* AppDelegate.m */,
				38A03B6D2120913900EE17FF /* GameViewController.h */,
				38A03B6E2120913900EE17FF /* GameViewController.m */,
				38A03B702120913900EE17FF /* Main.storyboard */,
				38A03B732120913900EE17FF /* LaunchScreen.storyboard */,
				38A03B762120913900EE17FF /* Info.plist */,
				38A03B772120913900EE17FF /* main.m */,
			);
			path = "Alpha01 iOS";
			sourceTree = "<group>";
		};
		38A03B7E2120913900EE17FF /* Alpha01 macOS */ = {
			isa = PBXGroup;
			children = (
				38A03B7F2120913900EE17FF /* AppDelegate.h */,
				38A03B802120913900EE17FF /* AppDelegate.m */,
				38A03B822120913900EE17FF /* GameViewController.h */,
				38A03B832120913900EE17FF /* GameViewController.m */,
				38A03B852120913900EE17FF /* Main.storyboard */,
				38A03B882120913900EE17FF /* Info.plist */,
				38A03B892120913900EE17FF /* main.m */,
			);
			path = "Alpha01 macOS";
			sourceTree = "<group>";
		};
		38A03BA0212092C600EE17FF /* Alpha01Tests */ = {
			isa = PBXGroup;
			children = (
				38A03BA1212092C600EE17FF /* Alpha01Tests.m */,
				38A03BA3212092C600EE17FF /* Info.plist */,
			);
			path = Alpha01Tests;
			sourceTree = "<group>";
		};
		38A03BAE2120932C00EE17FF /* IOSAlpha01Tests */ = {
			isa = PBXGroup;
			children = (
				38A03BAF2120932C00EE17FF /* IOSAlpha01Tests.m */,
				38A03BB12120932C00EE17FF /* Info.plist */,
			);
			path = IOSAlpha01Tests;
			sourceTree = "<group>";
		};
/* End PBXGroup section */

/* Begin PBXNativeTarget section */
		38A03B662120913900EE17FF /* Alpha01 iOS */ = {
			isa = PBXNativeTarget;
			buildConfigurationList = 38A03B952120913900EE17FF /* Build configuration list for PBXNativeTarget "Alpha01 iOS" */;
			buildPhases = (
				38A03B632120913900EE17FF /* Sources */,
				38A03B642120913900EE17FF /* Frameworks */,
				38A03B652120913900EE17FF /* Resources */,
			);
			buildRules = (
			);
			dependencies = (
			);
			name = "Alpha01 iOS";
			productName = "Alpha01 iOS";
			productReference = 38A03B672120913900EE17FF /* Alpha01.app */;
			productType = "com.apple.product-type.application";
		};
		38A03B7C2120913900EE17FF /* Alpha01 macOS */ = {
			isa = PBXNativeTarget;
			buildConfigurationList = 38A03B982120913900EE17FF /* Build configuration list for PBXNativeTarget "Alpha01 macOS" */;
			buildPhases = (
				38A03B792120913900EE17FF /* Sources */,
				38A03B7A2120913900EE17FF /* Frameworks */,
				38A03B7B2120913900EE17FF /* Resources */,
			);
			buildRules = (
			);
			dependencies = (
			);
			name = "Alpha01 macOS";
			productName = "Alpha01 macOS";
			productReference = 38A03B7D2120913900EE17FF /* Alpha01.app */;
			productType = "com.apple.product-type.application";
		};
		38A03B9E212092C600EE17FF /* Alpha01Tests */ = {
			isa = PBXNativeTarget;
			buildConfigurationList = 38A03BA8212092C700EE17FF /* Build configuration list for PBXNativeTarget "Alpha01Tests" */;
			buildPhases = (
				38A03B9B212092C600EE17FF /* Sources */,
				38A03B9C212092C600EE17FF /* Frameworks */,
				38A03B9D212092C600EE17FF /* Resources */,
			);
			buildRules = (
			);
			dependencies = (
				38A03BA5212092C600EE17FF /* PBXTargetDependency */,
			);
			name = Alpha01Tests;
			productName = Alpha01Tests;
			productReference = 38A03B9F212092C600EE17FF /* Alpha01Tests.xctest */;
			productType = "com.apple.product-type.bundle.unit-test";
		};
		38A03BAC2120932C00EE17FF /* IOSAlpha01Tests */ = {
			isa = PBXNativeTarget;
			buildConfigurationList = 38A03BB42120932C00EE17FF /* Build configuration list for PBXNativeTarget "IOSAlpha01Tests" */;
			buildPhases = (
				38A03BA92120932C00EE17FF /* Sources */,
				38A03BAA2120932C00EE17FF /* Frameworks */,
				38A03BAB2120932C00EE17FF /* Resources */,
			);
			buildRules = (
			);
			dependencies = (
				38A03BB32120932C00EE17FF /* PBXTargetDependency */,
			);
			name = IOSAlpha01Tests;
			productName = IOSAlpha01Tests;
			productReference = 38A03BAD2120932C00EE17FF /* IOSAlpha01Tests.xctest */;
			productType = "com.apple.product-type.bundle.unit-test";
		};
/* End PBXNativeTarget section */

/* Begin PBXProject section */
		38A03B592120913800EE17FF /* Project object */ = {
			isa = PBXProject;
			attributes = {
				CLASSPREFIX = KDV;
				LastUpgradeCheck = 0940;
				ORGANIZATIONNAME = "Kenn Villegas";
				TargetAttributes = {
					38A03B662120913900EE17FF = {
						CreatedOnToolsVersion = 9.4.1;
					};
					38A03B7C2120913900EE17FF = {
						CreatedOnToolsVersion = 9.4.1;
					};
					38A03B9E212092C600EE17FF = {
						CreatedOnToolsVersion = 9.4.1;
						TestTargetID = 38A03B7C2120913900EE17FF;
					};
					38A03BAC2120932C00EE17FF = {
						CreatedOnToolsVersion = 9.4.1;
						TestTargetID = 38A03B662120913900EE17FF;
					};
				};
			};
			buildConfigurationList = 38A03B5C2120913800EE17FF /* Build configuration list for PBXProject "Alpha01" */;
			compatibilityVersion = "Xcode 9.3";
			developmentRegion = en;
			hasScannedForEncodings = 0;
			knownRegions = (
				en,
				Base,
			);
			mainGroup = 38A03B582120913800EE17FF;
			productRefGroup = 38A03B682120913900EE17FF /* Products */;
			projectDirPath = "";
			projectRoot = "";
			targets = (
				38A03B662120913900EE17FF /* Alpha01 iOS */,
				38A03B7C2120913900EE17FF /* Alpha01 macOS */,
				38A03B9E212092C600EE17FF /* Alpha01Tests */,
				38A03BAC2120932C00EE17FF /* IOSAlpha01Tests */,
			);
		};
/* End PBXProject section */

/* Begin PBXResourcesBuildPhase section */
		38A03B652120913900EE17FF /* Resources */ = {
			isa = PBXResourcesBuildPhase;
			buildActionMask = 2147483647;
			files = (
				38A03B8D2120913900EE17FF /* GameScene.sks in Resources */,
				38A03B722120913900EE17FF /* Main.storyboard in Resources */,
				38A03B8B2120913900EE17FF /* Actions.sks in Resources */,
				38A03B752120913900EE17FF /* LaunchScreen.storyboard in Resources */,
				38A03B912120913900EE17FF /* Assets.xcassets in Resources */,
			);
			runOnlyForDeploymentPostprocessing = 0;
		};
		38A03B7B2120913900EE17FF /* Resources */ = {
			isa = PBXResourcesBuildPhase;
			buildActionMask = 2147483647;
			files = (
				38A03B872120913900EE17FF /* Main.storyboard in Resources */,
				38A03B8E2120913900EE17FF /* GameScene.sks in Resources */,
				38A03B922120913900EE17FF /* Assets.xcassets in Resources */,
				38A03B8C2120913900EE17FF /* Actions.sks in Resources */,
			);
			runOnlyForDeploymentPostprocessing = 0;
		};
		38A03B9D212092C600EE17FF /* Resources */ = {
			isa = PBXResourcesBuildPhase;
			buildActionMask = 2147483647;
			files = (
			);
			runOnlyForDeploymentPostprocessing = 0;
		};
		38A03BAB2120932C00EE17FF /* Resources */ = {
			isa = PBXResourcesBuildPhase;
			buildActionMask = 2147483647;
			files = (
			);
			runOnlyForDeploymentPostprocessing = 0;
		};
/* End PBXResourcesBuildPhase section */

/* Begin PBXSourcesBuildPhase section */
		38A03B632120913900EE17FF /* Sources */ = {
			isa = PBXSourcesBuildPhase;
			buildActionMask = 2147483647;
			files = (
				38A03B6F2120913900EE17FF /* GameViewController.m in Sources */,
				38A03B782120913900EE17FF /* main.m in Sources */,
				38A03B8F2120913900EE17FF /* GameScene.m in Sources */,
				38A03B6C2120913900EE17FF /* AppDelegate.m in Sources */,
			);
			runOnlyForDeploymentPostprocessing = 0;
		};
		38A03B792120913900EE17FF /* Sources */ = {
			isa = PBXSourcesBuildPhase;
			buildActionMask = 2147483647;
			files = (
				38A03B842120913900EE17FF /* GameViewController.m in Sources */,
				38A03B8A2120913900EE17FF /* main.m in Sources */,
				38A03B902120913900EE17FF /* GameScene.m in Sources */,
				38A03B812120913900EE17FF /* AppDelegate.m in Sources */,
			);
			runOnlyForDeploymentPostprocessing = 0;
		};
		38A03B9B212092C600EE17FF /* Sources */ = {
			isa = PBXSourcesBuildPhase;
			buildActionMask = 2147483647;
			files = (
				38A03BA2212092C600EE17FF /* Alpha01Tests.m in Sources */,
			);
			runOnlyForDeploymentPostprocessing = 0;
		};
		38A03BA92120932C00EE17FF /* Sources */ = {
			isa = PBXSourcesBuildPhase;
			buildActionMask = 2147483647;
			files = (
				38A03BB02120932C00EE17FF /* IOSAlpha01Tests.m in Sources */,
			);
			runOnlyForDeploymentPostprocessing = 0;
		};
/* End PBXSourcesBuildPhase section */

/* Begin PBXTargetDependency section */
		38A03BA5212092C600EE17FF /* PBXTargetDependency */ = {
			isa = PBXTargetDependency;
			target = 38A03B7C2120913900EE17FF /* Alpha01 macOS */;
			targetProxy = 38A03BA4212092C600EE17FF /* PBXContainerItemProxy */;
		};
		38A03BB32120932C00EE17FF /* PBXTargetDependency */ = {
			isa = PBXTargetDependency;
			target = 38A03B662120913900EE17FF /* Alpha01 iOS */;
			targetProxy = 38A03BB22120932C00EE17FF /* PBXContainerItemProxy */;
		};
/* End PBXTargetDependency section */

/* Begin PBXVariantGroup section */
		38A03B702120913900EE17FF /* Main.storyboard */ = {
			isa = PBXVariantGroup;
			children = (
				38A03B712120913900EE17FF /* Base */,
			);
			name = Main.storyboard;
			sourceTree = "<group>";
		};
		38A03B732120913900EE17FF /* LaunchScreen.storyboard */ = {
			isa = PBXVariantGroup;
			children = (
				38A03B742120913900EE17FF /* Base */,
			);
			name = LaunchScreen.storyboard;
			sourceTree = "<group>";
		};
		38A03B852120913900EE17FF /* Main.storyboard */ = {
			isa = PBXVariantGroup;
			children = (
				38A03B862120913900EE17FF /* Base */,
			);
			name = Main.storyboard;
			sourceTree = "<group>";
		};
/* End PBXVariantGroup section */

/* Begin XCBuildConfiguration section */
		38A03B932120913900EE17FF /* Debug */ = {
			isa = XCBuildConfiguration;
			buildSettings = {
				ALWAYS_SEARCH_USER_PATHS = NO;
				CLANG_ANALYZER_NONNULL = YES;
				CLANG_ANALYZER_NUMBER_OBJECT_CONVERSION = YES_AGGRESSIVE;
				CLANG_CXX_LANGUAGE_STANDARD = "gnu++14";
				CLANG_CXX_LIBRARY = "libc++";
				CLANG_ENABLE_MODULES = YES;
				CLANG_ENABLE_OBJC_ARC = YES;
				CLANG_ENABLE_OBJC_WEAK = YES;
				CLANG_WARN_BLOCK_CAPTURE_AUTORELEASING = YES;
				CLANG_WARN_BOOL_CONVERSION = YES;
				CLANG_WARN_COMMA = YES;
				CLANG_WARN_CONSTANT_CONVERSION = YES;
				CLANG_WARN_DEPRECATED_OBJC_IMPLEMENTATIONS = YES;
				CLANG_WARN_DIRECT_OBJC_ISA_USAGE = YES_ERROR;
				CLANG_WARN_DOCUMENTATION_COMMENTS = YES;
				CLANG_WARN_EMPTY_BODY = YES;
				CLANG_WARN_ENUM_CONVERSION = YES;
				CLANG_WARN_INFINITE_RECURSION = YES;
				CLANG_WARN_INT_CONVERSION = YES;
				CLANG_WARN_NON_LITERAL_NULL_CONVERSION = YES;
				CLANG_WARN_OBJC_IMPLICIT_RETAIN_SELF = YES;
				CLANG_WARN_OBJC_LITERAL_CONVERSION = YES;
				CLANG_WARN_OBJC_ROOT_CLASS = YES_ERROR;
				CLANG_WARN_RANGE_LOOP_ANALYSIS = YES;
				CLANG_WARN_STRICT_PROTOTYPES = YES;
				CLANG_WARN_SUSPICIOUS_MOVE = YES;
				CLANG_WARN_UNGUARDED_AVAILABILITY = YES_AGGRESSIVE;
				CLANG_WARN_UNREACHABLE_CODE = YES;
				CLANG_WARN__DUPLICATE_METHOD_MATCH = YES;
				COPY_PHASE_STRIP = NO;
				DEBUG_INFORMATION_FORMAT = dwarf;
				ENABLE_STRICT_OBJC_MSGSEND = YES;
				ENABLE_TESTABILITY = YES;
				GCC_C_LANGUAGE_STANDARD = gnu11;
				GCC_DYNAMIC_NO_PIC = NO;
				GCC_NO_COMMON_BLOCKS = YES;
				GCC_OPTIMIZATION_LEVEL = 0;
				GCC_PREPROCESSOR_DEFINITIONS = (
					"DEBUG=1",
					"$(inherited)",
				);
				GCC_WARN_64_TO_32_BIT_CONVERSION = YES;
				GCC_WARN_ABOUT_RETURN_TYPE = YES_ERROR;
				GCC_WARN_UNDECLARED_SELECTOR = YES;
				GCC_WARN_UNINITIALIZED_AUTOS = YES_AGGRESSIVE;
				GCC_WARN_UNUSED_FUNCTION = YES;
				GCC_WARN_UNUSED_VARIABLE = YES;
				MTL_ENABLE_DEBUG_INFO = YES;
				ONLY_ACTIVE_ARCH = YES;
			};
			name = Debug;
		};
		38A03B942120913900EE17FF /* Release */ = {
			isa = XCBuildConfiguration;
			buildSettings = {
				ALWAYS_SEARCH_USER_PATHS = NO;
				CLANG_ANALYZER_NONNULL = YES;
				CLANG_ANALYZER_NUMBER_OBJECT_CONVERSION = YES_AGGRESSIVE;
				CLANG_CXX_LANGUAGE_STANDARD = "gnu++14";
				CLANG_CXX_LIBRARY = "libc++";
				CLANG_ENABLE_MODULES = YES;
				CLANG_ENABLE_OBJC_ARC = YES;
				CLANG_ENABLE_OBJC_WEAK = YES;
				CLANG_WARN_BLOCK_CAPTURE_AUTORELEASING = YES;
				CLANG_WARN_BOOL_CONVERSION = YES;
				CLANG_WARN_COMMA = YES;
				CLANG_WARN_CONSTANT_CONVERSION = YES;
				CLANG_WARN_DEPRECATED_OBJC_IMPLEMENTATIONS = YES;
				CLANG_WARN_DIRECT_OBJC_ISA_USAGE = YES_ERROR;
				CLANG_WARN_DOCUMENTATION_COMMENTS = YES;
				CLANG_WARN_EMPTY_BODY = YES;
				CLANG_WARN_ENUM_CONVERSION = YES;
				CLANG_WARN_INFINITE_RECURSION = YES;
				CLANG_WARN_INT_CONVERSION = YES;
				CLANG_WARN_NON_LITERAL_NULL_CONVERSION = YES;
				CLANG_WARN_OBJC_IMPLICIT_RETAIN_SELF = YES;
				CLANG_WARN_OBJC_LITERAL_CONVERSION = YES;
				CLANG_WARN_OBJC_ROOT_CLASS = YES_ERROR;
				CLANG_WARN_RANGE_LOOP_ANALYSIS = YES;
				CLANG_WARN_STRICT_PROTOTYPES = YES;
				CLANG_WARN_SUSPICIOUS_MOVE = YES;
				CLANG_WARN_UNGUARDED_AVAILABILITY = YES_AGGRESSIVE;
				CLANG_WARN_UNREACHABLE_CODE = YES;
				CLANG_WARN__DUPLICATE_METHOD_MATCH = YES;
				COPY_PHASE_STRIP = NO;
				DEBUG_INFORMATION_FORMAT = "dwarf-with-dsym";
				ENABLE_NS_ASSERTIONS = NO;
				ENABLE_STRICT_OBJC_MSGSEND = YES;
				GCC_C_LANGUAGE_STANDARD = gnu11;
				GCC_NO_COMMON_BLOCKS = YES;
				GCC_WARN_64_TO_32_BIT_CONVERSION = YES;
				GCC_WARN_ABOUT_RETURN_TYPE = YES_ERROR;
				GCC_WARN_UNDECLARED_SELECTOR = YES;
				GCC_WARN_UNINITIALIZED_AUTOS = YES_AGGRESSIVE;
				GCC_WARN_UNUSED_FUNCTION = YES;
				GCC_WARN_UNUSED_VARIABLE = YES;
				MTL_ENABLE_DEBUG_INFO = NO;
			};
			name = Release;
		};
		38A03B962120913900EE17FF /* Debug */ = {
			isa = XCBuildConfiguration;
			buildSettings = {
				ASSETCATALOG_COMPILER_APPICON_NAME = AppIcon;
				CODE_SIGN_IDENTITY = "iPhone Developer";
				CODE_SIGN_STYLE = Automatic;
				DEVELOPMENT_TEAM = LQ75G5YK98;
				INFOPLIST_FILE = "Alpha01 iOS/Info.plist";
				IPHONEOS_DEPLOYMENT_TARGET = 11.4;
				LD_RUNPATH_SEARCH_PATHS = (
					"$(inherited)",
					"@executable_path/Frameworks",
				);
				PRODUCT_BUNDLE_IDENTIFIER = edu.jive.Alpha01;
				PRODUCT_NAME = Alpha01;
				SDKROOT = iphoneos;
				TARGETED_DEVICE_FAMILY = "1,2";
			};
			name = Debug;
		};
		38A03B972120913900EE17FF /* Release */ = {
			isa = XCBuildConfiguration;
			buildSettings = {
				ASSETCATALOG_COMPILER_APPICON_NAME = AppIcon;
				CODE_SIGN_IDENTITY = "iPhone Developer";
				CODE_SIGN_STYLE = Automatic;
				DEVELOPMENT_TEAM = LQ75G5YK98;
				INFOPLIST_FILE = "Alpha01 iOS/Info.plist";
				IPHONEOS_DEPLOYMENT_TARGET = 11.4;
				LD_RUNPATH_SEARCH_PATHS = (
					"$(inherited)",
					"@executable_path/Frameworks",
				);
				PRODUCT_BUNDLE_IDENTIFIER = edu.jive.Alpha01;
				PRODUCT_NAME = Alpha01;
				SDKROOT = iphoneos;
				TARGETED_DEVICE_FAMILY = "1,2";
				VALIDATE_PRODUCT = YES;
			};
			name = Release;
		};
		38A03B992120913900EE17FF /* Debug */ = {
			isa = XCBuildConfiguration;
			buildSettings = {
				ASSETCATALOG_COMPILER_APPICON_NAME = AppIcon;
				CODE_SIGN_IDENTITY = "-";
				CODE_SIGN_STYLE = Automatic;
				COMBINE_HIDPI_IMAGES = YES;
				DEVELOPMENT_TEAM = LQ75G5YK98;
				INFOPLIST_FILE = "Alpha01 macOS/Info.plist";
				LD_RUNPATH_SEARCH_PATHS = (
					"$(inherited)",
					"@executable_path/../Frameworks",
				);
				MACOSX_DEPLOYMENT_TARGET = 10.13;
				PRODUCT_BUNDLE_IDENTIFIER = edu.jive.Alpha01;
				PRODUCT_NAME = Alpha01;
				SDKROOT = macosx;
			};
			name = Debug;
		};
		38A03B9A2120913900EE17FF /* Release */ = {
			isa = XCBuildConfiguration;
			buildSettings = {
				ASSETCATALOG_COMPILER_APPICON_NAME = AppIcon;
				CODE_SIGN_IDENTITY = "-";
				CODE_SIGN_STYLE = Automatic;
				COMBINE_HIDPI_IMAGES = YES;
				DEVELOPMENT_TEAM = LQ75G5YK98;
				INFOPLIST_FILE = "Alpha01 macOS/Info.plist";
				LD_RUNPATH_SEARCH_PATHS = (
					"$(inherited)",
					"@executable_path/../Frameworks",
				);
				MACOSX_DEPLOYMENT_TARGET = 10.13;
				PRODUCT_BUNDLE_IDENTIFIER = edu.jive.Alpha01;
				PRODUCT_NAME = Alpha01;
				SDKROOT = macosx;
			};
			name = Release;
		};
		38A03BA6212092C700EE17FF /* Debug */ = {
			isa = XCBuildConfiguration;
			buildSettings = {
				BUNDLE_LOADER = "$(TEST_HOST)";
				CODE_SIGN_IDENTITY = "Mac Developer";
				CODE_SIGN_STYLE = Automatic;
				COMBINE_HIDPI_IMAGES = YES;
				DEVELOPMENT_TEAM = LQ75G5YK98;
				INFOPLIST_FILE = Alpha01Tests/Info.plist;
				LD_RUNPATH_SEARCH_PATHS = (
					"$(inherited)",
					"@executable_path/../Frameworks",
					"@loader_path/../Frameworks",
				);
				MACOSX_DEPLOYMENT_TARGET = 10.13;
				PRODUCT_BUNDLE_IDENTIFIER = edu.jive.Alpha01Tests;
				PRODUCT_NAME = "$(TARGET_NAME)";
				SDKROOT = macosx;
				TEST_HOST = "$(BUILT_PRODUCTS_DIR)/Alpha01.app/Contents/MacOS/Alpha01";
			};
			name = Debug;
		};
		38A03BA7212092C700EE17FF /* Release */ = {
			isa = XCBuildConfiguration;
			buildSettings = {
				BUNDLE_LOADER = "$(TEST_HOST)";
				CODE_SIGN_IDENTITY = "Mac Developer";
				CODE_SIGN_STYLE = Automatic;
				COMBINE_HIDPI_IMAGES = YES;
				DEVELOPMENT_TEAM = LQ75G5YK98;
				INFOPLIST_FILE = Alpha01Tests/Info.plist;
				LD_RUNPATH_SEARCH_PATHS = (
					"$(inherited)",
					"@executable_path/../Frameworks",
					"@loader_path/../Frameworks",
				);
				MACOSX_DEPLOYMENT_TARGET = 10.13;
				PRODUCT_BUNDLE_IDENTIFIER = edu.jive.Alpha01Tests;
				PRODUCT_NAME = "$(TARGET_NAME)";
				SDKROOT = macosx;
				TEST_HOST = "$(BUILT_PRODUCTS_DIR)/Alpha01.app/Contents/MacOS/Alpha01";
			};
			name = Release;
		};
		38A03BB52120932C00EE17FF /* Debug */ = {
			isa = XCBuildConfiguration;
			buildSettings = {
				BUNDLE_LOADER = "$(TEST_HOST)";
				CODE_SIGN_IDENTITY = "iPhone Developer";
				CODE_SIGN_STYLE = Automatic;
				DEVELOPMENT_TEAM = LQ75G5YK98;
				INFOPLIST_FILE = IOSAlpha01Tests/Info.plist;
				IPHONEOS_DEPLOYMENT_TARGET = 11.4;
				LD_RUNPATH_SEARCH_PATHS = (
					"$(inherited)",
					"@executable_path/Frameworks",
					"@loader_path/Frameworks",
				);
				PRODUCT_BUNDLE_IDENTIFIER = edu.jive.IOSAlpha01Tests;
				PRODUCT_NAME = "$(TARGET_NAME)";
				SDKROOT = iphoneos;
				TARGETED_DEVICE_FAMILY = "1,2";
				TEST_HOST = "$(BUILT_PRODUCTS_DIR)/Alpha01.app/Alpha01";
			};
			name = Debug;
		};
		38A03BB62120932C00EE17FF /* Release */ = {
			isa = XCBuildConfiguration;
			buildSettings = {
				BUNDLE_LOADER = "$(TEST_HOST)";
				CODE_SIGN_IDENTITY = "iPhone Developer";
				CODE_SIGN_STYLE = Automatic;
				DEVELOPMENT_TEAM = LQ75G5YK98;
				INFOPLIST_FILE = IOSAlpha01Tests/Info.plist;
				IPHONEOS_DEPLOYMENT_TARGET = 11.4;
				LD_RUNPATH_SEARCH_PATHS = (
					"$(inherited)",
					"@executable_path/Frameworks",
					"@loader_path/Frameworks",
				);
				PRODUCT_BUNDLE_IDENTIFIER = edu.jive.IOSAlpha01Tests;
				PRODUCT_NAME = "$(TARGET_NAME)";
				SDKROOT = iphoneos;
				TARGETED_DEVICE_FAMILY = "1,2";
				TEST_HOST = "$(BUILT_PRODUCTS_DIR)/Alpha01.app/Alpha01";
				VALIDATE_PRODUCT = YES;
			};
			name = Release;
		};
/* End XCBuildConfiguration section */

/* Begin XCConfigurationList section */
		38A03B5C2120913800EE17FF /* Build configuration list for PBXProject "Alpha01" */ = {
			isa = XCConfigurationList;
			buildConfigurations = (
				38A03B932120913900EE17FF /* Debug */,
				38A03B942120913900EE17FF /* Release */,
			);
			defaultConfigurationIsVisible = 0;
			defaultConfigurationName = Release;
		};
		38A03B952120913900EE17FF /* Build configuration list for PBXNativeTarget "Alpha01 iOS" */ = {
			isa = XCConfigurationList;
			buildConfigurations = (
				38A03B962120913900EE17FF /* Debug */,
				38A03B972120913900EE17FF /* Release */,
			);
			defaultConfigurationIsVisible = 0;
			defaultConfigurationName = Release;
		};
		38A03B982120913900EE17FF /* Build configuration list for PBXNativeTarget "Alpha01 macOS" */ = {
			isa = XCConfigurationList;
			buildConfigurations = (
				38A03B992120913900EE17FF /* Debug */,
				38A03B9A2120913900EE17FF /* Release */,
			);
			defaultConfigurationIsVisible = 0;
			defaultConfigurationName = Release;
		};
		38A03BA8212092C700EE17FF /* Build configuration list for PBXNativeTarget "Alpha01Tests" */ = {
			isa = XCConfigurationList;
			buildConfigurations = (
				38A03BA6212092C700EE17FF /* Debug */,
				38A03BA7212092C700EE17FF /* Release */,
			);
			defaultConfigurationIsVisible = 0;
			defaultConfigurationName = Release;
		};
		38A03BB42120932C00EE17FF /* Build configuration list for PBXNativeTarget "IOSAlpha01Tests" */ = {
			isa = XCConfigurationList;
			buildConfigurations = (
				38A03BB52120932C00EE17FF /* Debug */,
				38A03BB62120932C00EE17FF /* Release */,
			);
			defaultConfigurationIsVisible = 0;
			defaultConfigurationName = Release;
		};
/* End XCConfigurationList section */
	};
	rootObject = 38A03B592120913800EE17FF /* Project object */;
}
